
Microsoft Visual Studio Solution File, Format Version 12.00
# Visual Studio Version 17
VisualStudioVersion = 17.11.35327.3
MinimumVisualStudioVersion = 10.0.40219.1
Project("{FAE04EC0-301F-11D3-BF4B-00C04F79EFBC}") = "IC_TurnUpWebTesting_SpecFlow", "IC_TurnUpWebTesting_SpecFlow.csproj", "{FC528EED-097E-4EEC-A285-53651EBD1199}"
EndProject
Global
	GlobalSection(SolutionConfigurationPlatforms) = preSolution
		Debug|Any CPU = Debug|Any CPU
		Release|Any CPU = Release|Any CPU
	EndGlobalSection
	GlobalSection(ProjectConfigurationPlatforms) = postSolution
		{FC528EED-097E-4EEC-A285-53651EBD1199}.Debug|Any CPU.ActiveCfg = Debug|Any CPU
		{FC528EED-097E-4EEC-A285-53651EBD1199}.Debug|Any CPU.Build.0 = Debug|Any CPU
		{FC528EED-097E-4EEC-A285-53651EBD1199}.Release|Any CPU.ActiveCfg = Release|Any CPU
		{FC528EED-097E-4EEC-A285-53651EBD1199}.Release|Any CPU.Build.0 = Release|Any CPU
	EndGlobalSection
	GlobalSection(SolutionProperties) = preSolution
		HideSolutionNode = FALSE
	EndGlobalSection
	GlobalSection(ExtensibilityGlobals) = postSolution
		SolutionGuid = {2805DB4E-5EF0-4C5F-8234-F4D3CF7FF1E1}
	EndGlobalSection
EndGlobal
